
Microsoft Visual Studio Solution File, Format Version 12.00
# Visual Studio Version 17
VisualStudioVersion = 17.7.34031.279
MinimumVisualStudioVersion = 10.0.40219.1
Project("{9A19103F-16F7-4668-BE54-9A1E7A4F7556}") = "data-grid-view-read-only-check-box", "data-grid-view-read-only-check-box\data-grid-view-read-only-check-box.csproj", "{BADEE585-9AE7-4018-B494-938E76D68D03}"
EndProject
Global
	GlobalSection(SolutionConfigurationPlatforms) = preSolution
		Debug|Any CPU = Debug|Any CPU
		Release|Any CPU = Release|Any CPU
	EndGlobalSection
	GlobalSection(ProjectConfigurationPlatforms) = postSolution
		{BADEE585-9AE7-4018-B494-938E76D68D03}.Debug|Any CPU.ActiveCfg = Debug|Any CPU
		{BADEE585-9AE7-4018-B494-938E76D68D03}.Debug|Any CPU.Build.0 = Debug|Any CPU
		{BADEE585-9AE7-4018-B494-938E76D68D03}.Release|Any CPU.ActiveCfg = Release|Any CPU
		{BADEE585-9AE7-4018-B494-938E76D68D03}.Release|Any CPU.Build.0 = Release|Any CPU
	EndGlobalSection
	GlobalSection(SolutionProperties) = preSolution
		HideSolutionNode = FALSE
	EndGlobalSection
	GlobalSection(ExtensibilityGlobals) = postSolution
		SolutionGuid = {6999E054-329F-4A16-9CC1-41065159EAB8}
	EndGlobalSection
EndGlobal
